
Microsoft Visual Studio Solution File, Format Version 12.00
# Visual Studio Version 17
VisualStudioVersion = 17.14.36915.13 d17.14
MinimumVisualStudioVersion = 10.0.40219.1
Project("{FAE04EC0-301F-11D3-BF4B-00C04F79EFBC}") = "ai_chatapp", "ai_chatapp\ai_chatapp.csproj", "{633B4407-DE85-49AD-8920-2368AA3106E1}"
EndProject
Global
	GlobalSection(SolutionConfigurationPlatforms) = preSolution
		Debug|Any CPU = Debug|Any CPU
		Release|Any CPU = Release|Any CPU
	EndGlobalSection
	GlobalSection(ProjectConfigurationPlatforms) = postSolution
		{633B4407-DE85-49AD-8920-2368AA3106E1}.Debug|Any CPU.ActiveCfg = Debug|Any CPU
		{633B4407-DE85-49AD-8920-2368AA3106E1}.Debug|Any CPU.Build.0 = Debug|Any CPU
		{633B4407-DE85-49AD-8920-2368AA3106E1}.Release|Any CPU.ActiveCfg = Release|Any CPU
		{633B4407-DE85-49AD-8920-2368AA3106E1}.Release|Any CPU.Build.0 = Release|Any CPU
	EndGlobalSection
	GlobalSection(SolutionProperties) = preSolution
		HideSolutionNode = FALSE
	EndGlobalSection
	GlobalSection(ExtensibilityGlobals) = postSolution
		SolutionGuid = {D14825B5-BCD5-4658-B10A-82A95CD412AC}
	EndGlobalSection
EndGlobal
